
Microsoft Visual Studio Solution File, Format Version 12.00
# Visual Studio Version 17
VisualStudioVersion = 17.8.34309.116
MinimumVisualStudioVersion = 10.0.40219.1
Project("{9A19103F-16F7-4668-BE54-9A1E7A4F7556}") = "MohaymensTask", "Mohaymen'sTask\MohaymensTask.csproj", "{0D117FBC-87A7-4893-A57B-283B57DE9E1A}"
EndProject
Global
	GlobalSection(SolutionConfigurationPlatforms) = preSolution
		Debug|Any CPU = Debug|Any CPU
		Release|Any CPU = Release|Any CPU
	EndGlobalSection
	GlobalSection(ProjectConfigurationPlatforms) = postSolution
		{0D117FBC-87A7-4893-A57B-283B57DE9E1A}.Debug|Any CPU.ActiveCfg = Debug|Any CPU
		{0D117FBC-87A7-4893-A57B-283B57DE9E1A}.Debug|Any CPU.Build.0 = Debug|Any CPU
		{0D117FBC-87A7-4893-A57B-283B57DE9E1A}.Release|Any CPU.ActiveCfg = Release|Any CPU
		{0D117FBC-87A7-4893-A57B-283B57DE9E1A}.Release|Any CPU.Build.0 = Release|Any CPU
	EndGlobalSection
	GlobalSection(SolutionProperties) = preSolution
		HideSolutionNode = FALSE
	EndGlobalSection
	GlobalSection(ExtensibilityGlobals) = postSolution
		SolutionGuid = {F28154EA-F520-482D-B6CE-322A4FF5B565}
	EndGlobalSection
EndGlobal
